
Microsoft Visual Studio Solution File, Format Version 12.00
# Visual Studio 14
VisualStudioVersion = 14.0.25420.1
MinimumVisualStudioVersion = 10.0.40219.1
Project("{FAE04EC0-301F-11D3-BF4B-00C04F79EFBC}") = "Bevelop.Messages", "Messages\Bevelop.Messages.csproj", "{CC064786-E907-4161-BF54-ACBD555821E5}"
EndProject
Project("{FAE04EC0-301F-11D3-BF4B-00C04F79EFBC}") = "Bevelop.Server", "Server\Bevelop.Server.csproj", "{1B0DA73E-76A9-4B0B-B92A-A85CFB2DD3FB}"
EndProject
Project("{FAE04EC0-301F-11D3-BF4B-00C04F79EFBC}") = "Bevelop.VSClient", "VSClient\Bevelop.VSClient.csproj", "{38F92521-AD3C-4673-BFB9-5A103B0F338C}"
EndProject
Global
	GlobalSection(SolutionConfigurationPlatforms) = preSolution
		Debug|Any CPU = Debug|Any CPU
		Release|Any CPU = Release|Any CPU
	EndGlobalSection
	GlobalSection(ProjectConfigurationPlatforms) = postSolution
		{CC064786-E907-4161-BF54-ACBD555821E5}.Debug|Any CPU.ActiveCfg = Debug|Any CPU
		{CC064786-E907-4161-BF54-ACBD555821E5}.Debug|Any CPU.Build.0 = Debug|Any CPU
		{CC064786-E907-4161-BF54-ACBD555821E5}.Release|Any CPU.ActiveCfg = Release|Any CPU
		{CC064786-E907-4161-BF54-ACBD555821E5}.Release|Any CPU.Build.0 = Release|Any CPU
		{1B0DA73E-76A9-4B0B-B92A-A85CFB2DD3FB}.Debug|Any CPU.ActiveCfg = Debug|Any CPU
		{1B0DA73E-76A9-4B0B-B92A-A85CFB2DD3FB}.Debug|Any CPU.Build.0 = Debug|Any CPU
		{1B0DA73E-76A9-4B0B-B92A-A85CFB2DD3FB}.Release|Any CPU.ActiveCfg = Release|Any CPU
		{1B0DA73E-76A9-4B0B-B92A-A85CFB2DD3FB}.Release|Any CPU.Build.0 = Release|Any CPU
		{38F92521-AD3C-4673-BFB9-5A103B0F338C}.Debug|Any CPU.ActiveCfg = Debug|Any CPU
		{38F92521-AD3C-4673-BFB9-5A103B0F338C}.Debug|Any CPU.Build.0 = Debug|Any CPU
		{38F92521-AD3C-4673-BFB9-5A103B0F338C}.Release|Any CPU.ActiveCfg = Release|Any CPU
		{38F92521-AD3C-4673-BFB9-5A103B0F338C}.Release|Any CPU.Build.0 = Release|Any CPU
	EndGlobalSection
	GlobalSection(SolutionProperties) = preSolution
		HideSolutionNode = FALSE
	EndGlobalSection
EndGlobal
